
Microsoft Visual Studio Solution File, Format Version 12.00
# Visual Studio Version 17
VisualStudioVersion = 17.14.36511.14 d17.14
MinimumVisualStudioVersion = 10.0.40219.1
Project("{FAE04EC0-301F-11D3-BF4B-00C04F79EFBC}") = "Marketplace", "Marketplace.csproj", "{6FA21139-7093-5E56-8D5D-FCFCAEAB59B6}"
EndProject
Global
	GlobalSection(SolutionConfigurationPlatforms) = preSolution
		Debug|Any CPU = Debug|Any CPU
		Release|Any CPU = Release|Any CPU
	EndGlobalSection
	GlobalSection(ProjectConfigurationPlatforms) = postSolution
		{6FA21139-7093-5E56-8D5D-FCFCAEAB59B6}.Debug|Any CPU.ActiveCfg = Debug|Any CPU
		{6FA21139-7093-5E56-8D5D-FCFCAEAB59B6}.Debug|Any CPU.Build.0 = Debug|Any CPU
		{6FA21139-7093-5E56-8D5D-FCFCAEAB59B6}.Release|Any CPU.ActiveCfg = Release|Any CPU
		{6FA21139-7093-5E56-8D5D-FCFCAEAB59B6}.Release|Any CPU.Build.0 = Release|Any CPU
	EndGlobalSection
	GlobalSection(SolutionProperties) = preSolution
		HideSolutionNode = FALSE
	EndGlobalSection
	GlobalSection(ExtensibilityGlobals) = postSolution
		SolutionGuid = {14C1DDA3-FBCA-40D7-9F05-A4F420481841}
	EndGlobalSection
EndGlobal
